
Microsoft Visual Studio Solution File, Format Version 12.00
# Visual Studio Version 16
VisualStudioVersion = 16.0.30114.105
MinimumVisualStudioVersion = 10.0.40219.1
Project("{FAE04EC0-301F-11D3-BF4B-00C04F79EFBC}") = "CriminalCodeSystem", "CriminalCodeSystem\CriminalCodeSystem.csproj", "{58985C4F-0D6B-467D-BC64-BF00672BC24F}"
EndProject
Project("{FAE04EC0-301F-11D3-BF4B-00C04F79EFBC}") = "Tests", "Tests\Tests.csproj", "{CC0EDFAB-B0AE-4D33-9C5B-25F08616CAA5}"
EndProject
Global
	GlobalSection(SolutionConfigurationPlatforms) = preSolution
		Debug|Any CPU = Debug|Any CPU
		Release|Any CPU = Release|Any CPU
	EndGlobalSection
	GlobalSection(SolutionProperties) = preSolution
		HideSolutionNode = FALSE
	EndGlobalSection
	GlobalSection(ProjectConfigurationPlatforms) = postSolution
		{58985C4F-0D6B-467D-BC64-BF00672BC24F}.Debug|Any CPU.ActiveCfg = Debug|Any CPU
		{58985C4F-0D6B-467D-BC64-BF00672BC24F}.Debug|Any CPU.Build.0 = Debug|Any CPU
		{58985C4F-0D6B-467D-BC64-BF00672BC24F}.Release|Any CPU.ActiveCfg = Release|Any CPU
		{58985C4F-0D6B-467D-BC64-BF00672BC24F}.Release|Any CPU.Build.0 = Release|Any CPU
		{CC0EDFAB-B0AE-4D33-9C5B-25F08616CAA5}.Debug|Any CPU.ActiveCfg = Debug|Any CPU
		{CC0EDFAB-B0AE-4D33-9C5B-25F08616CAA5}.Debug|Any CPU.Build.0 = Debug|Any CPU
		{CC0EDFAB-B0AE-4D33-9C5B-25F08616CAA5}.Release|Any CPU.ActiveCfg = Release|Any CPU
		{CC0EDFAB-B0AE-4D33-9C5B-25F08616CAA5}.Release|Any CPU.Build.0 = Release|Any CPU
	EndGlobalSection
EndGlobal
